
Microsoft Visual Studio Solution File, Format Version 12.00
# Visual Studio Version 17
VisualStudioVersion = 17.10.35004.147
MinimumVisualStudioVersion = 10.0.40219.1
Project("{FAE04EC0-301F-11D3-BF4B-00C04F79EFBC}") = "Automation", "Automation.csproj", "{C48060C7-1BC4-43FA-8C40-75F1513B6464}"
EndProject
Global
	GlobalSection(SolutionConfigurationPlatforms) = preSolution
		Debug|Any CPU = Debug|Any CPU
		Release|Any CPU = Release|Any CPU
	EndGlobalSection
	GlobalSection(ProjectConfigurationPlatforms) = postSolution
		{C48060C7-1BC4-43FA-8C40-75F1513B6464}.Debug|Any CPU.ActiveCfg = Debug|Any CPU
		{C48060C7-1BC4-43FA-8C40-75F1513B6464}.Debug|Any CPU.Build.0 = Debug|Any CPU
		{C48060C7-1BC4-43FA-8C40-75F1513B6464}.Release|Any CPU.ActiveCfg = Release|Any CPU
		{C48060C7-1BC4-43FA-8C40-75F1513B6464}.Release|Any CPU.Build.0 = Release|Any CPU
	EndGlobalSection
	GlobalSection(SolutionProperties) = preSolution
		HideSolutionNode = FALSE
	EndGlobalSection
	GlobalSection(ExtensibilityGlobals) = postSolution
		SolutionGuid = {5CE1F8DB-82E3-4D18-81DC-A9E1FA5EB1B6}
	EndGlobalSection
EndGlobal
